
Microsoft Visual Studio Solution File, Format Version 12.00
# Visual Studio Version 16
VisualStudioVersion = 16.0.28803.352
MinimumVisualStudioVersion = 10.0.40219.1
Project("{8BC9CEB8-8B4A-11D0-8D11-00A0C91BC942}") = "CppLab8", "CppLab8\CppLab8.vcxproj", "{0A95E1D2-5A99-4254-AD7A-E075B863A838}"
EndProject
Global
	GlobalSection(SolutionConfigurationPlatforms) = preSolution
		Debug|x64 = Debug|x64
		Debug|x86 = Debug|x86
		Release|x64 = Release|x64
		Release|x86 = Release|x86
	EndGlobalSection
	GlobalSection(ProjectConfigurationPlatforms) = postSolution
		{0A95E1D2-5A99-4254-AD7A-E075B863A838}.Debug|x64.ActiveCfg = Debug|x64
		{0A95E1D2-5A99-4254-AD7A-E075B863A838}.Debug|x64.Build.0 = Debug|x64
		{0A95E1D2-5A99-4254-AD7A-E075B863A838}.Debug|x86.ActiveCfg = Debug|Win32
		{0A95E1D2-5A99-4254-AD7A-E075B863A838}.Debug|x86.Build.0 = Debug|Win32
		{0A95E1D2-5A99-4254-AD7A-E075B863A838}.Release|x64.ActiveCfg = Release|x64
		{0A95E1D2-5A99-4254-AD7A-E075B863A838}.Release|x64.Build.0 = Release|x64
		{0A95E1D2-5A99-4254-AD7A-E075B863A838}.Release|x86.ActiveCfg = Release|Win32
		{0A95E1D2-5A99-4254-AD7A-E075B863A838}.Release|x86.Build.0 = Release|Win32
	EndGlobalSection
	GlobalSection(SolutionProperties) = preSolution
		HideSolutionNode = FALSE
	EndGlobalSection
	GlobalSection(ExtensibilityGlobals) = postSolution
		SolutionGuid = {218FCB90-681D-4E49-AF05-B4101DB7D917}
	EndGlobalSection
EndGlobal
